
Microsoft Visual Studio Solution File, Format Version 12.00
# Visual Studio Version 17
VisualStudioVersion = 17.7.34221.43
MinimumVisualStudioVersion = 10.0.40219.1
Project("{9A19103F-16F7-4668-BE54-9A1E7A4F7556}") = "GitLabToAzureDevOpsMigrator.ConsoleApp", "GitLabToAzureDevOpsMigrator.ConsoleApp\GitLabToAzureDevOpsMigrator.ConsoleApp.csproj", "{EFF40775-50D1-42E2-A348-A9E8D9EC9BC8}"
EndProject
Project("{9A19103F-16F7-4668-BE54-9A1E7A4F7556}") = "GitLabToAzureDevOpsMigrator.Domain", "GitLabToAzureDevOpsMigrator.Domain\GitLabToAzureDevOpsMigrator.Domain.csproj", "{704744EB-72D1-4188-A67F-FF46ACD27923}"
EndProject
Project("{9A19103F-16F7-4668-BE54-9A1E7A4F7556}") = "GitLabToAzureDevOpsMigrator.Core", "GitLabToAzureDevOpsMigrator.Core\GitLabToAzureDevOpsMigrator.Core.csproj", "{EB0D2BC0-97DC-4A5D-8C82-4BF40A9D74A8}"
EndProject
Project("{FAE04EC0-301F-11D3-BF4B-00C04F79EFBC}") = "GitLabToAzureDevOpsMigrator.GitLabWrapper", "GitLabToAzureDevOpsMigrator.GitLabWrapper\GitLabToAzureDevOpsMigrator.GitLabWrapper.csproj", "{85D84BDA-CB45-4F12-96F1-E51271875EE3}"
EndProject
Global
	GlobalSection(SolutionConfigurationPlatforms) = preSolution
		Debug|Any CPU = Debug|Any CPU
		Release|Any CPU = Release|Any CPU
	EndGlobalSection
	GlobalSection(ProjectConfigurationPlatforms) = postSolution
		{EFF40775-50D1-42E2-A348-A9E8D9EC9BC8}.Debug|Any CPU.ActiveCfg = Debug|Any CPU
		{EFF40775-50D1-42E2-A348-A9E8D9EC9BC8}.Debug|Any CPU.Build.0 = Debug|Any CPU
		{EFF40775-50D1-42E2-A348-A9E8D9EC9BC8}.Release|Any CPU.ActiveCfg = Release|Any CPU
		{EFF40775-50D1-42E2-A348-A9E8D9EC9BC8}.Release|Any CPU.Build.0 = Release|Any CPU
		{704744EB-72D1-4188-A67F-FF46ACD27923}.Debug|Any CPU.ActiveCfg = Debug|Any CPU
		{704744EB-72D1-4188-A67F-FF46ACD27923}.Debug|Any CPU.Build.0 = Debug|Any CPU
		{704744EB-72D1-4188-A67F-FF46ACD27923}.Release|Any CPU.ActiveCfg = Release|Any CPU
		{704744EB-72D1-4188-A67F-FF46ACD27923}.Release|Any CPU.Build.0 = Release|Any CPU
		{EB0D2BC0-97DC-4A5D-8C82-4BF40A9D74A8}.Debug|Any CPU.ActiveCfg = Debug|Any CPU
		{EB0D2BC0-97DC-4A5D-8C82-4BF40A9D74A8}.Debug|Any CPU.Build.0 = Debug|Any CPU
		{EB0D2BC0-97DC-4A5D-8C82-4BF40A9D74A8}.Release|Any CPU.ActiveCfg = Release|Any CPU
		{EB0D2BC0-97DC-4A5D-8C82-4BF40A9D74A8}.Release|Any CPU.Build.0 = Release|Any CPU
		{85D84BDA-CB45-4F12-96F1-E51271875EE3}.Debug|Any CPU.ActiveCfg = Debug|Any CPU
		{85D84BDA-CB45-4F12-96F1-E51271875EE3}.Debug|Any CPU.Build.0 = Debug|Any CPU
		{85D84BDA-CB45-4F12-96F1-E51271875EE3}.Release|Any CPU.ActiveCfg = Release|Any CPU
		{85D84BDA-CB45-4F12-96F1-E51271875EE3}.Release|Any CPU.Build.0 = Release|Any CPU
	EndGlobalSection
	GlobalSection(SolutionProperties) = preSolution
		HideSolutionNode = FALSE
	EndGlobalSection
	GlobalSection(ExtensibilityGlobals) = postSolution
		SolutionGuid = {13291F45-6BA4-4B45-BF4A-5682192C7471}
	EndGlobalSection
EndGlobal
